
Microsoft Visual Studio Solution File, Format Version 12.00
# Visual Studio 2013
VisualStudioVersion = 12.0.30723.0
MinimumVisualStudioVersion = 10.0.40219.1
Project("{FAE04EC0-301F-11D3-BF4B-00C04F79EFBC}") = "WindowsFormsSampleApplication", "WindowsFormsSampleApplication\WindowsFormsSampleApplication.csproj", "{B7634BD0-BE38-4E8A-BD44-8042CBDE0ADC}"
EndProject
Project("{FAE04EC0-301F-11D3-BF4B-00C04F79EFBC}") = "Task1", "Task1\Task1.csproj", "{77B5DE01-F212-4224-AF6F-94E168F4889A}"
EndProject
Project("{FAE04EC0-301F-11D3-BF4B-00C04F79EFBC}") = "Task2", "Task2\Task2.csproj", "{FF6010FE-72C3-46D9-B857-DC2FE7A3733B}"
EndProject
Project("{FAE04EC0-301F-11D3-BF4B-00C04F79EFBC}") = "Task3", "Task3\Task3.csproj", "{F70E5D04-A6F1-4B12-9FCD-E3AD86D52BA3}"
EndProject
Project("{FAE04EC0-301F-11D3-BF4B-00C04F79EFBC}") = "Task4", "Task4\Task4.csproj", "{F2D9E13C-D70E-479C-A3D0-D787133FDA36}"
EndProject
Project("{FAE04EC0-301F-11D3-BF4B-00C04F79EFBC}") = "Task5", "Task5\Task5.csproj", "{4AF4131B-8993-415C-8A14-82A8F28023E8}"
EndProject
Project("{FAE04EC0-301F-11D3-BF4B-00C04F79EFBC}") = "Task6", "Task6\Task6.csproj", "{7BCC6C38-7DF9-42FC-977E-28312488B6E0}"
EndProject
Project("{FAE04EC0-301F-11D3-BF4B-00C04F79EFBC}") = "Task7", "Task7\Task7.csproj", "{8960200A-4BAD-44C6-9EFB-BB59CC5A3DDB}"
EndProject
Project("{FAE04EC0-301F-11D3-BF4B-00C04F79EFBC}") = "Task8", "Task8\Task8.csproj", "{CBD2D263-331C-439A-A479-2EF0B6F0556D}"
EndProject
Global
	GlobalSection(SolutionConfigurationPlatforms) = preSolution
		Debug|Any CPU = Debug|Any CPU
		Release|Any CPU = Release|Any CPU
	EndGlobalSection
	GlobalSection(ProjectConfigurationPlatforms) = postSolution
		{B7634BD0-BE38-4E8A-BD44-8042CBDE0ADC}.Debug|Any CPU.ActiveCfg = Debug|Any CPU
		{B7634BD0-BE38-4E8A-BD44-8042CBDE0ADC}.Debug|Any CPU.Build.0 = Debug|Any CPU
		{B7634BD0-BE38-4E8A-BD44-8042CBDE0ADC}.Release|Any CPU.ActiveCfg = Release|Any CPU
		{B7634BD0-BE38-4E8A-BD44-8042CBDE0ADC}.Release|Any CPU.Build.0 = Release|Any CPU
		{77B5DE01-F212-4224-AF6F-94E168F4889A}.Debug|Any CPU.ActiveCfg = Debug|Any CPU
		{77B5DE01-F212-4224-AF6F-94E168F4889A}.Debug|Any CPU.Build.0 = Debug|Any CPU
		{77B5DE01-F212-4224-AF6F-94E168F4889A}.Release|Any CPU.ActiveCfg = Release|Any CPU
		{77B5DE01-F212-4224-AF6F-94E168F4889A}.Release|Any CPU.Build.0 = Release|Any CPU
		{FF6010FE-72C3-46D9-B857-DC2FE7A3733B}.Debug|Any CPU.ActiveCfg = Debug|Any CPU
		{FF6010FE-72C3-46D9-B857-DC2FE7A3733B}.Debug|Any CPU.Build.0 = Debug|Any CPU
		{FF6010FE-72C3-46D9-B857-DC2FE7A3733B}.Release|Any CPU.ActiveCfg = Release|Any CPU
		{FF6010FE-72C3-46D9-B857-DC2FE7A3733B}.Release|Any CPU.Build.0 = Release|Any CPU
		{F70E5D04-A6F1-4B12-9FCD-E3AD86D52BA3}.Debug|Any CPU.ActiveCfg = Debug|Any CPU
		{F70E5D04-A6F1-4B12-9FCD-E3AD86D52BA3}.Debug|Any CPU.Build.0 = Debug|Any CPU
		{F70E5D04-A6F1-4B12-9FCD-E3AD86D52BA3}.Release|Any CPU.ActiveCfg = Release|Any CPU
		{F70E5D04-A6F1-4B12-9FCD-E3AD86D52BA3}.Release|Any CPU.Build.0 = Release|Any CPU
		{F2D9E13C-D70E-479C-A3D0-D787133FDA36}.Debug|Any CPU.ActiveCfg = Debug|Any CPU
		{F2D9E13C-D70E-479C-A3D0-D787133FDA36}.Debug|Any CPU.Build.0 = Debug|Any CPU
		{F2D9E13C-D70E-479C-A3D0-D787133FDA36}.Release|Any CPU.ActiveCfg = Release|Any CPU
		{F2D9E13C-D70E-479C-A3D0-D787133FDA36}.Release|Any CPU.Build.0 = Release|Any CPU
		{4AF4131B-8993-415C-8A14-82A8F28023E8}.Debug|Any CPU.ActiveCfg = Debug|Any CPU
		{4AF4131B-8993-415C-8A14-82A8F28023E8}.Debug|Any CPU.Build.0 = Debug|Any CPU
		{4AF4131B-8993-415C-8A14-82A8F28023E8}.Release|Any CPU.ActiveCfg = Release|Any CPU
		{4AF4131B-8993-415C-8A14-82A8F28023E8}.Release|Any CPU.Build.0 = Release|Any CPU
		{7BCC6C38-7DF9-42FC-977E-28312488B6E0}.Debug|Any CPU.ActiveCfg = Debug|Any CPU
		{7BCC6C38-7DF9-42FC-977E-28312488B6E0}.Debug|Any CPU.Build.0 = Debug|Any CPU
		{7BCC6C38-7DF9-42FC-977E-28312488B6E0}.Release|Any CPU.ActiveCfg = Release|Any CPU
		{7BCC6C38-7DF9-42FC-977E-28312488B6E0}.Release|Any CPU.Build.0 = Release|Any CPU
		{8960200A-4BAD-44C6-9EFB-BB59CC5A3DDB}.Debug|Any CPU.ActiveCfg = Debug|Any CPU
		{8960200A-4BAD-44C6-9EFB-BB59CC5A3DDB}.Debug|Any CPU.Build.0 = Debug|Any CPU
		{8960200A-4BAD-44C6-9EFB-BB59CC5A3DDB}.Release|Any CPU.ActiveCfg = Release|Any CPU
		{8960200A-4BAD-44C6-9EFB-BB59CC5A3DDB}.Release|Any CPU.Build.0 = Release|Any CPU
		{CBD2D263-331C-439A-A479-2EF0B6F0556D}.Debug|Any CPU.ActiveCfg = Debug|Any CPU
		{CBD2D263-331C-439A-A479-2EF0B6F0556D}.Debug|Any CPU.Build.0 = Debug|Any CPU
		{CBD2D263-331C-439A-A479-2EF0B6F0556D}.Release|Any CPU.ActiveCfg = Release|Any CPU
		{CBD2D263-331C-439A-A479-2EF0B6F0556D}.Release|Any CPU.Build.0 = Release|Any CPU
	EndGlobalSection
	GlobalSection(SolutionProperties) = preSolution
		HideSolutionNode = FALSE
	EndGlobalSection
EndGlobal
